
Microsoft Visual Studio Solution File, Format Version 12.00
# Visual Studio Version 17
VisualStudioVersion = 17.0.31919.166
MinimumVisualStudioVersion = 10.0.40219.1
Project("{FAE04EC0-301F-11D3-BF4B-00C04F79EFBC}") = "PgWpfApp4", "PgWpfApp4.csproj", "{F1AEECDF-1897-4C1C-90A6-C83DBFC4A9D0}"
EndProject
Global
	GlobalSection(SolutionConfigurationPlatforms) = preSolution
		Debug|Any CPU = Debug|Any CPU
		Release|Any CPU = Release|Any CPU
	EndGlobalSection
	GlobalSection(ProjectConfigurationPlatforms) = postSolution
		{F1AEECDF-1897-4C1C-90A6-C83DBFC4A9D0}.Debug|Any CPU.ActiveCfg = Debug|Any CPU
		{F1AEECDF-1897-4C1C-90A6-C83DBFC4A9D0}.Debug|Any CPU.Build.0 = Debug|Any CPU
		{F1AEECDF-1897-4C1C-90A6-C83DBFC4A9D0}.Release|Any CPU.ActiveCfg = Release|Any CPU
		{F1AEECDF-1897-4C1C-90A6-C83DBFC4A9D0}.Release|Any CPU.Build.0 = Release|Any CPU
	EndGlobalSection
	GlobalSection(SolutionProperties) = preSolution
		HideSolutionNode = FALSE
	EndGlobalSection
	GlobalSection(ExtensibilityGlobals) = postSolution
		SolutionGuid = {051EBB4E-6CBE-4478-B46C-D42C21F0F8BD}
	EndGlobalSection
EndGlobal
